
Microsoft Visual Studio Solution File, Format Version 12.00
# Visual Studio 15
VisualStudioVersion = 15.0.28307.1000
MinimumVisualStudioVersion = 10.0.40219.1
Project("{FAE04EC0-301F-11D3-BF4B-00C04F79EFBC}") = "XXLMod3", "XXLMod3\XXLMod3.csproj", "{7DEB54F3-A9F2-4B91-9CE3-9DE7040E1A28}"
EndProject
Global
	GlobalSection(SolutionConfigurationPlatforms) = preSolution
		Debug|Any CPU = Debug|Any CPU
		Release|Any CPU = Release|Any CPU
	EndGlobalSection
	GlobalSection(ProjectConfigurationPlatforms) = postSolution
		{7DEB54F3-A9F2-4B91-9CE3-9DE7040E1A28}.Debug|Any CPU.ActiveCfg = Debug|Any CPU
		{7DEB54F3-A9F2-4B91-9CE3-9DE7040E1A28}.Debug|Any CPU.Build.0 = Debug|Any CPU
		{7DEB54F3-A9F2-4B91-9CE3-9DE7040E1A28}.Release|Any CPU.ActiveCfg = Release|Any CPU
		{7DEB54F3-A9F2-4B91-9CE3-9DE7040E1A28}.Release|Any CPU.Build.0 = Release|Any CPU
	EndGlobalSection
	GlobalSection(SolutionProperties) = preSolution
		HideSolutionNode = FALSE
	EndGlobalSection
	GlobalSection(ExtensibilityGlobals) = postSolution
		SolutionGuid = {2CD53ACD-6FD3-4B82-83D2-177CD3E29AD1}
	EndGlobalSection
EndGlobal
